{
  "name": "bioshock-infinite",
  "lockfileVersion": 2,
  "requires": true,
  "packages": {
    "": {
      "dependencies": {
        "lzo": "^0.4.11",
        "tiny-invariant": "^1.3.1"
      },
      "devDependencies": {
        "@types/node": "^18.11.18"
      }
    },
    "node_modules/@types/node": {
      "version": "18.11.18",
      "resolved": "https://registry.npmjs.org/@types/node/-/node-18.11.18.tgz",
      "integrity": "sha512-DHQpWGjyQKSHj3ebjFI/wRKcqQcdR+MoFBygntYOZytCqNfkd2ZC4ARDJ2DQqhjH5p85Nnd3jhUJIXrszFX/JA==",
      "dev": true
    },
    "node_modules/bindings": {
      "version": "1.2.1",
      "resolved": "https://registry.npmjs.org/bindings/-/bindings-1.2.1.tgz",
      "integrity": "sha512-u4cBQNepWxYA55FunZSM7wMi55yQaN0otnhhilNoWHq0MfOfJeQx0v0mRRpolGOExPjZcl6FtB0BB8Xkb88F0g=="
    },
    "node_modules/lzo": {
      "version": "0.4.11",
      "resolved": "https://registry.npmjs.org/lzo/-/lzo-0.4.11.tgz",
      "integrity": "sha512-apQHNoW2Alg72FMqaC/7pn03I7umdgSVFt2KRkCXXils4Z9u3QBh1uOtl2O5WmZIDLd9g6Lu4lIdOLmiSTFVCQ==",
      "hasInstallScript": true,
      "dependencies": {
        "bindings": "~1.2.1"
      }
    },
    "node_modules/tiny-invariant": {
      "version": "1.3.1",
      "resolved": "https://registry.npmjs.org/tiny-invariant/-/tiny-invariant-1.3.1.tgz",
      "integrity": "sha512-AD5ih2NlSssTCwsMznbvwMZpJ1cbhkGd2uueNxzv2jDlEeZdU04JQfRnggJQ8DrcVBGjAsCKwFBbDlVNtEMlzw=="
    }
  },
  "dependencies": {
    "@types/node": {
      "version": "18.11.18",
      "resolved": "https://registry.npmjs.org/@types/node/-/node-18.11.18.tgz",
      "integrity": "sha512-DHQpWGjyQKSHj3ebjFI/wRKcqQcdR+MoFBygntYOZytCqNfkd2ZC4ARDJ2DQqhjH5p85Nnd3jhUJIXrszFX/JA==",
      "dev": true
    },
    "bindings": {
      "version": "1.2.1",
      "resolved": "https://registry.npmjs.org/bindings/-/bindings-1.2.1.tgz",
      "integrity": "sha512-u4cBQNepWxYA55FunZSM7wMi55yQaN0otnhhilNoWHq0MfOfJeQx0v0mRRpolGOExPjZcl6FtB0BB8Xkb88F0g=="
    },
    "lzo": {
      "version": "0.4.11",
      "resolved": "https://registry.npmjs.org/lzo/-/lzo-0.4.11.tgz",
      "integrity": "sha512-apQHNoW2Alg72FMqaC/7pn03I7umdgSVFt2KRkCXXils4Z9u3QBh1uOtl2O5WmZIDLd9g6Lu4lIdOLmiSTFVCQ==",
      "requires": {
        "bindings": "~1.2.1"
      }
    },
    "tiny-invariant": {
      "version": "1.3.1",
      "resolved": "https://registry.npmjs.org/tiny-invariant/-/tiny-invariant-1.3.1.tgz",
      "integrity": "sha512-AD5ih2NlSssTCwsMznbvwMZpJ1cbhkGd2uueNxzv2jDlEeZdU04JQfRnggJQ8DrcVBGjAsCKwFBbDlVNtEMlzw=="
    }
  }
}
